
Microsoft Visual Studio Solution File, Format Version 12.00
# Visual Studio Version 17
VisualStudioVersion = 17.5.002.0
MinimumVisualStudioVersion = 10.0.40219.1
Project("{9A19103F-16F7-4668-BE54-9A1E7A4F7556}") = "RobotService", "RobotService\RobotService.csproj", "{63CC868D-DD08-4747-95EF-958C4596031B}"
EndProject
Project("{FAE04EC0-301F-11D3-BF4B-00C04F79EFBC}") = "RobotService.Tests", "RobotService.Tests\RobotService.Tests.csproj", "{999D1464-3F72-4CF3-A411-560C18925B37}"
EndProject
Global
	GlobalSection(SolutionConfigurationPlatforms) = preSolution
		Debug|Any CPU = Debug|Any CPU
		Release|Any CPU = Release|Any CPU
	EndGlobalSection
	GlobalSection(ProjectConfigurationPlatforms) = postSolution
		{63CC868D-DD08-4747-95EF-958C4596031B}.Debug|Any CPU.ActiveCfg = Debug|Any CPU
		{63CC868D-DD08-4747-95EF-958C4596031B}.Debug|Any CPU.Build.0 = Debug|Any CPU
		{63CC868D-DD08-4747-95EF-958C4596031B}.Release|Any CPU.ActiveCfg = Release|Any CPU
		{63CC868D-DD08-4747-95EF-958C4596031B}.Release|Any CPU.Build.0 = Release|Any CPU
		{999D1464-3F72-4CF3-A411-560C18925B37}.Debug|Any CPU.ActiveCfg = Debug|Any CPU
		{999D1464-3F72-4CF3-A411-560C18925B37}.Debug|Any CPU.Build.0 = Debug|Any CPU
		{999D1464-3F72-4CF3-A411-560C18925B37}.Release|Any CPU.ActiveCfg = Release|Any CPU
		{999D1464-3F72-4CF3-A411-560C18925B37}.Release|Any CPU.Build.0 = Release|Any CPU
	EndGlobalSection
	GlobalSection(SolutionProperties) = preSolution
		HideSolutionNode = FALSE
	EndGlobalSection
	GlobalSection(ExtensibilityGlobals) = postSolution
		SolutionGuid = {A0A3E0D2-8E61-4F60-8FA4-113CCBBA7528}
	EndGlobalSection
EndGlobal
